
Microsoft Visual Studio Solution File, Format Version 12.00
# Visual Studio 15
VisualStudioVersion = 15.0.27703.2026
MinimumVisualStudioVersion = 10.0.40219.1
Project("{FAE04EC0-301F-11D3-BF4B-00C04F79EFBC}") = "TrafficInterface", "TrafficInterface\TrafficInterface.csproj", "{001B9E0C-0B36-4FFA-9138-611E0BB4679E}"
EndProject
Global
	GlobalSection(SolutionConfigurationPlatforms) = preSolution
		Debug|Any CPU = Debug|Any CPU
		Release|Any CPU = Release|Any CPU
	EndGlobalSection
	GlobalSection(ProjectConfigurationPlatforms) = postSolution
		{001B9E0C-0B36-4FFA-9138-611E0BB4679E}.Debug|Any CPU.ActiveCfg = Debug|Any CPU
		{001B9E0C-0B36-4FFA-9138-611E0BB4679E}.Debug|Any CPU.Build.0 = Debug|Any CPU
		{001B9E0C-0B36-4FFA-9138-611E0BB4679E}.Release|Any CPU.ActiveCfg = Release|Any CPU
		{001B9E0C-0B36-4FFA-9138-611E0BB4679E}.Release|Any CPU.Build.0 = Release|Any CPU
	EndGlobalSection
	GlobalSection(SolutionProperties) = preSolution
		HideSolutionNode = FALSE
	EndGlobalSection
	GlobalSection(ExtensibilityGlobals) = postSolution
		SolutionGuid = {44232D68-AF13-445A-A02A-BAA328AC5138}
	EndGlobalSection
EndGlobal
